
Microsoft Visual Studio Solution File, Format Version 12.00
# Visual Studio Version 17
VisualStudioVersion = 17.4.33103.184
MinimumVisualStudioVersion = 10.0.40219.1
Project("{9A19103F-16F7-4668-BE54-9A1E7A4F7556}") = "Test", "Test\Test.csproj", "{CC9007A7-8FC5-4FFA-9FDD-58131E004BD9}"
EndProject
Project("{9A19103F-16F7-4668-BE54-9A1E7A4F7556}") = "MultiProjPackTool", "MultiProjPackTool\MultiProjPackTool.csproj", "{5069D575-CB2E-4F23-B0BC-FEF7425F3F02}"
EndProject
Project("{2150E333-8FDC-42A3-9474-1A3956D46DE8}") = "Solution Items", "Solution Items", "{2772204F-713F-454C-98B8-3AFA17E08365}"
	ProjectSection(SolutionItems) = preProject
		LICENSE = LICENSE
		NoteToSelf.md = NoteToSelf.md
		README.md = README.md
		ReleaseNotes.md = ReleaseNotes.md
	EndProjectSection
EndProject
Project("{9A19103F-16F7-4668-BE54-9A1E7A4F7556}") = "Group1.Project1", "Group1.Project1\Group1.Project1.csproj", "{D52CD6A2-BA2F-424B-ADB5-907DBB6670E5}"
EndProject
Project("{9A19103F-16F7-4668-BE54-9A1E7A4F7556}") = "Group1.Project2", "Group1.Project2\Group1.Project2.csproj", "{DE7D82D5-ADC0-42CD-9841-72CAEE6BAF7B}"
EndProject
Project("{9A19103F-16F7-4668-BE54-9A1E7A4F7556}") = "Group1.Project3", "Group1.Project3\Group1.Project3.csproj", "{96E0697F-A13A-4F0C-A185-2B8020F7FAAA}"
EndProject
Project("{9A19103F-16F7-4668-BE54-9A1E7A4F7556}") = "Group2.Project1", "Group2.Project1\Group2.Project1.csproj", "{9887F47A-52E0-4638-A47F-FBC78D8655DB}"
EndProject
Project("{9A19103F-16F7-4668-BE54-9A1E7A4F7556}") = "Group2.Project2", "Group2.Project2\Group2.Project2.csproj", "{8EB87006-1953-4743-BB8D-0F93E031A757}"
EndProject
Project("{9A19103F-16F7-4668-BE54-9A1E7A4F7556}") = "MultiFrameworks.Project1", "MultiFrameworks.Project1\MultiFrameworks.Project1.csproj", "{FCB6113C-89B8-4221-AC2D-D302EA7A0E3A}"
EndProject
Project("{9A19103F-16F7-4668-BE54-9A1E7A4F7556}") = "MultiFrameworks.Project2", "MultiFrameworks.Project2\MultiFrameworks.Project2.csproj", "{6A403142-7C4A-4060-8C48-CFB9804F90E4}"
EndProject
Project("{FAE04EC0-301F-11D3-BF4B-00C04F79EFBC}") = "MultiFrameworks.Project3", "MultiFrameworks.Project3\MultiFrameworks.Project3.csproj", "{6DB04573-B22C-4C7D-AE0B-DB455C90E2EB}"
EndProject
Global
	GlobalSection(SolutionConfigurationPlatforms) = preSolution
		Debug|Any CPU = Debug|Any CPU
		Release|Any CPU = Release|Any CPU
	EndGlobalSection
	GlobalSection(ProjectConfigurationPlatforms) = postSolution
		{CC9007A7-8FC5-4FFA-9FDD-58131E004BD9}.Debug|Any CPU.ActiveCfg = Debug|Any CPU
		{CC9007A7-8FC5-4FFA-9FDD-58131E004BD9}.Debug|Any CPU.Build.0 = Debug|Any CPU
		{CC9007A7-8FC5-4FFA-9FDD-58131E004BD9}.Release|Any CPU.ActiveCfg = Release|Any CPU
		{CC9007A7-8FC5-4FFA-9FDD-58131E004BD9}.Release|Any CPU.Build.0 = Release|Any CPU
		{5069D575-CB2E-4F23-B0BC-FEF7425F3F02}.Debug|Any CPU.ActiveCfg = Debug|Any CPU
		{5069D575-CB2E-4F23-B0BC-FEF7425F3F02}.Debug|Any CPU.Build.0 = Debug|Any CPU
		{5069D575-CB2E-4F23-B0BC-FEF7425F3F02}.Release|Any CPU.ActiveCfg = Release|Any CPU
		{5069D575-CB2E-4F23-B0BC-FEF7425F3F02}.Release|Any CPU.Build.0 = Release|Any CPU
		{D52CD6A2-BA2F-424B-ADB5-907DBB6670E5}.Debug|Any CPU.ActiveCfg = Debug|Any CPU
		{D52CD6A2-BA2F-424B-ADB5-907DBB6670E5}.Debug|Any CPU.Build.0 = Debug|Any CPU
		{D52CD6A2-BA2F-424B-ADB5-907DBB6670E5}.Release|Any CPU.ActiveCfg = Release|Any CPU
		{D52CD6A2-BA2F-424B-ADB5-907DBB6670E5}.Release|Any CPU.Build.0 = Release|Any CPU
		{DE7D82D5-ADC0-42CD-9841-72CAEE6BAF7B}.Debug|Any CPU.ActiveCfg = Debug|Any CPU
		{DE7D82D5-ADC0-42CD-9841-72CAEE6BAF7B}.Debug|Any CPU.Build.0 = Debug|Any CPU
		{DE7D82D5-ADC0-42CD-9841-72CAEE6BAF7B}.Release|Any CPU.ActiveCfg = Release|Any CPU
		{DE7D82D5-ADC0-42CD-9841-72CAEE6BAF7B}.Release|Any CPU.Build.0 = Release|Any CPU
		{96E0697F-A13A-4F0C-A185-2B8020F7FAAA}.Debug|Any CPU.ActiveCfg = Debug|Any CPU
		{96E0697F-A13A-4F0C-A185-2B8020F7FAAA}.Debug|Any CPU.Build.0 = Debug|Any CPU
		{96E0697F-A13A-4F0C-A185-2B8020F7FAAA}.Release|Any CPU.ActiveCfg = Release|Any CPU
		{96E0697F-A13A-4F0C-A185-2B8020F7FAAA}.Release|Any CPU.Build.0 = Release|Any CPU
		{9887F47A-52E0-4638-A47F-FBC78D8655DB}.Debug|Any CPU.ActiveCfg = Debug|Any CPU
		{9887F47A-52E0-4638-A47F-FBC78D8655DB}.Debug|Any CPU.Build.0 = Debug|Any CPU
		{9887F47A-52E0-4638-A47F-FBC78D8655DB}.Release|Any CPU.ActiveCfg = Release|Any CPU
		{9887F47A-52E0-4638-A47F-FBC78D8655DB}.Release|Any CPU.Build.0 = Release|Any CPU
		{8EB87006-1953-4743-BB8D-0F93E031A757}.Debug|Any CPU.ActiveCfg = Debug|Any CPU
		{8EB87006-1953-4743-BB8D-0F93E031A757}.Debug|Any CPU.Build.0 = Debug|Any CPU
		{8EB87006-1953-4743-BB8D-0F93E031A757}.Release|Any CPU.ActiveCfg = Release|Any CPU
		{8EB87006-1953-4743-BB8D-0F93E031A757}.Release|Any CPU.Build.0 = Release|Any CPU
		{FCB6113C-89B8-4221-AC2D-D302EA7A0E3A}.Debug|Any CPU.ActiveCfg = Debug|Any CPU
		{FCB6113C-89B8-4221-AC2D-D302EA7A0E3A}.Debug|Any CPU.Build.0 = Debug|Any CPU
		{FCB6113C-89B8-4221-AC2D-D302EA7A0E3A}.Release|Any CPU.ActiveCfg = Release|Any CPU
		{FCB6113C-89B8-4221-AC2D-D302EA7A0E3A}.Release|Any CPU.Build.0 = Release|Any CPU
		{6A403142-7C4A-4060-8C48-CFB9804F90E4}.Debug|Any CPU.ActiveCfg = Debug|Any CPU
		{6A403142-7C4A-4060-8C48-CFB9804F90E4}.Debug|Any CPU.Build.0 = Debug|Any CPU
		{6A403142-7C4A-4060-8C48-CFB9804F90E4}.Release|Any CPU.ActiveCfg = Release|Any CPU
		{6A403142-7C4A-4060-8C48-CFB9804F90E4}.Release|Any CPU.Build.0 = Release|Any CPU
		{6DB04573-B22C-4C7D-AE0B-DB455C90E2EB}.Debug|Any CPU.ActiveCfg = Debug|Any CPU
		{6DB04573-B22C-4C7D-AE0B-DB455C90E2EB}.Debug|Any CPU.Build.0 = Debug|Any CPU
		{6DB04573-B22C-4C7D-AE0B-DB455C90E2EB}.Release|Any CPU.ActiveCfg = Release|Any CPU
		{6DB04573-B22C-4C7D-AE0B-DB455C90E2EB}.Release|Any CPU.Build.0 = Release|Any CPU
	EndGlobalSection
	GlobalSection(SolutionProperties) = preSolution
		HideSolutionNode = FALSE
	EndGlobalSection
	GlobalSection(ExtensibilityGlobals) = postSolution
		SolutionGuid = {85EBCB49-767C-464C-8E0C-F97CEF41237D}
	EndGlobalSection
EndGlobal
