
Microsoft Visual Studio Solution File, Format Version 12.00
# Visual Studio Version 16
VisualStudioVersion = 16.0.31112.23
MinimumVisualStudioVersion = 10.0.40219.1
Project("{FAE04EC0-301F-11D3-BF4B-00C04F79EFBC}") = "MultProjPackTool", "MultProjPackTool\MultProjPackTool.csproj", "{EC3F7D5E-3C8D-43FF-BD46-E5D500C1AC0C}"
EndProject
Project("{FAE04EC0-301F-11D3-BF4B-00C04F79EFBC}") = "Test", "Test\Test.csproj", "{CC9007A7-8FC5-4FFA-9FDD-58131E004BD9}"
EndProject
Global
	GlobalSection(SolutionConfigurationPlatforms) = preSolution
		Debug|Any CPU = Debug|Any CPU
		Release|Any CPU = Release|Any CPU
	EndGlobalSection
	GlobalSection(ProjectConfigurationPlatforms) = postSolution
		{EC3F7D5E-3C8D-43FF-BD46-E5D500C1AC0C}.Debug|Any CPU.ActiveCfg = Debug|Any CPU
		{EC3F7D5E-3C8D-43FF-BD46-E5D500C1AC0C}.Debug|Any CPU.Build.0 = Debug|Any CPU
		{EC3F7D5E-3C8D-43FF-BD46-E5D500C1AC0C}.Release|Any CPU.ActiveCfg = Release|Any CPU
		{EC3F7D5E-3C8D-43FF-BD46-E5D500C1AC0C}.Release|Any CPU.Build.0 = Release|Any CPU
		{CC9007A7-8FC5-4FFA-9FDD-58131E004BD9}.Debug|Any CPU.ActiveCfg = Debug|Any CPU
		{CC9007A7-8FC5-4FFA-9FDD-58131E004BD9}.Debug|Any CPU.Build.0 = Debug|Any CPU
		{CC9007A7-8FC5-4FFA-9FDD-58131E004BD9}.Release|Any CPU.ActiveCfg = Release|Any CPU
		{CC9007A7-8FC5-4FFA-9FDD-58131E004BD9}.Release|Any CPU.Build.0 = Release|Any CPU
	EndGlobalSection
	GlobalSection(SolutionProperties) = preSolution
		HideSolutionNode = FALSE
	EndGlobalSection
	GlobalSection(ExtensibilityGlobals) = postSolution
		SolutionGuid = {85EBCB49-767C-464C-8E0C-F97CEF41237D}
	EndGlobalSection
EndGlobal
